
Microsoft Visual Studio Solution File, Format Version 12.00
# Visual Studio Version 17
VisualStudioVersion = 17.12.35514.174
MinimumVisualStudioVersion = 10.0.40219.1
Project("{FAE04EC0-301F-11D3-BF4B-00C04F79EFBC}") = "VideoShare", "VideoShare\VideoShare.csproj", "{B6B14D50-4C46-495A-9EE1-6C6234C85CC6}"
EndProject
Project("{FAE04EC0-301F-11D3-BF4B-00C04F79EFBC}") = "VideoShare.Core", "VideoShare.Core\VideoShare.Core.csproj", "{A5B10C20-505E-4D42-97D5-F41A3E953656}"
EndProject
Project("{FAE04EC0-301F-11D3-BF4B-00C04F79EFBC}") = "VideoShare.DataAccess", "VideoShare.DataAccess\VideoShare.DataAccess.csproj", "{52AB4F26-9D44-41F5-BF96-D8FD8C0F039F}"
EndProject
Project("{FAE04EC0-301F-11D3-BF4B-00C04F79EFBC}") = "VideoShare.Utility", "VideoShare.Utility\VideoShare.Utility.csproj", "{0792A0A8-3274-4D4A-AAC0-1CF134448C2F}"
EndProject
Global
	GlobalSection(SolutionConfigurationPlatforms) = preSolution
		Debug|Any CPU = Debug|Any CPU
		Release|Any CPU = Release|Any CPU
	EndGlobalSection
	GlobalSection(ProjectConfigurationPlatforms) = postSolution
		{B6B14D50-4C46-495A-9EE1-6C6234C85CC6}.Debug|Any CPU.ActiveCfg = Debug|Any CPU
		{B6B14D50-4C46-495A-9EE1-6C6234C85CC6}.Debug|Any CPU.Build.0 = Debug|Any CPU
		{B6B14D50-4C46-495A-9EE1-6C6234C85CC6}.Release|Any CPU.ActiveCfg = Release|Any CPU
		{B6B14D50-4C46-495A-9EE1-6C6234C85CC6}.Release|Any CPU.Build.0 = Release|Any CPU
		{A5B10C20-505E-4D42-97D5-F41A3E953656}.Debug|Any CPU.ActiveCfg = Debug|Any CPU
		{A5B10C20-505E-4D42-97D5-F41A3E953656}.Debug|Any CPU.Build.0 = Debug|Any CPU
		{A5B10C20-505E-4D42-97D5-F41A3E953656}.Release|Any CPU.ActiveCfg = Release|Any CPU
		{A5B10C20-505E-4D42-97D5-F41A3E953656}.Release|Any CPU.Build.0 = Release|Any CPU
		{52AB4F26-9D44-41F5-BF96-D8FD8C0F039F}.Debug|Any CPU.ActiveCfg = Debug|Any CPU
		{52AB4F26-9D44-41F5-BF96-D8FD8C0F039F}.Debug|Any CPU.Build.0 = Debug|Any CPU
		{52AB4F26-9D44-41F5-BF96-D8FD8C0F039F}.Release|Any CPU.ActiveCfg = Release|Any CPU
		{52AB4F26-9D44-41F5-BF96-D8FD8C0F039F}.Release|Any CPU.Build.0 = Release|Any CPU
		{0792A0A8-3274-4D4A-AAC0-1CF134448C2F}.Debug|Any CPU.ActiveCfg = Debug|Any CPU
		{0792A0A8-3274-4D4A-AAC0-1CF134448C2F}.Debug|Any CPU.Build.0 = Debug|Any CPU
		{0792A0A8-3274-4D4A-AAC0-1CF134448C2F}.Release|Any CPU.ActiveCfg = Release|Any CPU
		{0792A0A8-3274-4D4A-AAC0-1CF134448C2F}.Release|Any CPU.Build.0 = Release|Any CPU
	EndGlobalSection
	GlobalSection(SolutionProperties) = preSolution
		HideSolutionNode = FALSE
	EndGlobalSection
EndGlobal
